
Microsoft Visual Studio Solution File, Format Version 12.00
# Visual Studio 15
VisualStudioVersion = 15.0.27130.2010
MinimumVisualStudioVersion = 10.0.40219.1
Project("{FAE04EC0-301F-11D3-BF4B-00C04F79EFBC}") = "Dm.Data", "Dm.Data\Dm.Data.csproj", "{7544A3FD-C1DA-4BB2-BEF2-CD80982F2852}"
EndProject
Project("{2150E333-8FDC-42A3-9474-1A3956D46DE8}") = "Solution Items", "Solution Items", "{3BCA38B1-BE28-4DD7-B767-464FEBBCFB7D}"
	ProjectSection(SolutionItems) = preProject
		version.cs = version.cs
	EndProjectSection
EndProject
Global
	GlobalSection(SolutionConfigurationPlatforms) = preSolution
		Debug|Any CPU = Debug|Any CPU
		Release|Any CPU = Release|Any CPU
	EndGlobalSection
	GlobalSection(ProjectConfigurationPlatforms) = postSolution
		{7544A3FD-C1DA-4BB2-BEF2-CD80982F2852}.Debug|Any CPU.ActiveCfg = Debug|Any CPU
		{7544A3FD-C1DA-4BB2-BEF2-CD80982F2852}.Debug|Any CPU.Build.0 = Debug|Any CPU
		{7544A3FD-C1DA-4BB2-BEF2-CD80982F2852}.Release|Any CPU.ActiveCfg = Release|Any CPU
		{7544A3FD-C1DA-4BB2-BEF2-CD80982F2852}.Release|Any CPU.Build.0 = Release|Any CPU
	EndGlobalSection
	GlobalSection(SolutionProperties) = preSolution
		HideSolutionNode = FALSE
	EndGlobalSection
	GlobalSection(ExtensibilityGlobals) = postSolution
		SolutionGuid = {C5FF5F8F-107D-4BD8-AE56-D3981215A8D4}
	EndGlobalSection
EndGlobal
